// !$*UTF8*$!
{
	archiveVersion = 1;
	classes = {
	};
	objectVersion = 51;
	objects = {

/* Begin PBXBuildFile section */
		652482E85093382DB54A1BE8 /* Pods_Favoplace.framework in Frameworks */ = {isa = PBXBuildFile; fileRef = 194EBCB9B0DB6EEE454A9496 /* Pods_Favoplace.framework */; };
		EB1F5E5D2530A417007114EF /* StorageManager.swift in Sources */ = {isa = PBXBuildFile; fileRef = EB1F5E5C2530A417007114EF /* StorageManager.swift */; };
		EB7A8575252E1F4C009355E5 /* NewPlaceVC.swift in Sources */ = {isa = PBXBuildFile; fileRef = EB7A8574252E1F4C009355E5 /* NewPlaceVC.swift */; };
		EB8811FF252C300D0003815D /* AppDelegate.swift in Sources */ = {isa = PBXBuildFile; fileRef = EB8811FE252C300D0003815D /* AppDelegate.swift */; };
		EB881201252C300D0003815D /* SceneDelegate.swift in Sources */ = {isa = PBXBuildFile; fileRef = EB881200252C300D0003815D /* SceneDelegate.swift */; };
		EB881206252C300D0003815D /* Main.storyboard in Resources */ = {isa = PBXBuildFile; fileRef = EB881204252C300D0003815D /* Main.storyboard */; };
		EB881208252C300E0003815D /* Assets.xcassets in Resources */ = {isa = PBXBuildFile; fileRef = EB881207252C300E0003815D /* Assets.xcassets */; };
		EB88120B252C300E0003815D /* LaunchScreen.storyboard in Resources */ = {isa = PBXBuildFile; fileRef = EB881209252C300E0003815D /* LaunchScreen.storyboard */; };
		EB881213252C359D0003815D /* MainVC.swift in Sources */ = {isa = PBXBuildFile; fileRef = EB881212252C359D0003815D /* MainVC.swift */; };
		EB881215252C3DC60003815D /* PlaceCell.swift in Sources */ = {isa = PBXBuildFile; fileRef = EB881214252C3DC60003815D /* PlaceCell.swift */; };
		EBEB437F252D921E00DDA4B5 /* PlaceModel.swift in Sources */ = {isa = PBXBuildFile; fileRef = EBEB437E252D921E00DDA4B5 /* PlaceModel.swift */; };
		EBF784AE2535E3B900B5CC0B /* MapVC.swift in Sources */ = {isa = PBXBuildFile; fileRef = EBF784AD2535E3B900B5CC0B /* MapVC.swift */; };
/* End PBXBuildFile section */

/* Begin PBXFileReference section */
		194EBCB9B0DB6EEE454A9496 /* Pods_Favoplace.framework */ = {isa = PBXFileReference; explicitFileType = wrapper.framework; includeInIndex = 0; path = Pods_Favoplace.framework; sourceTree = BUILT_PRODUCTS_DIR; };
		65972433F8A3DDF17321DFF3 /* Pods-Favoplace.release.xcconfig */ = {isa = PBXFileReference; includeInIndex = 1; lastKnownFileType = text.xcconfig; name = "Pods-Favoplace.release.xcconfig"; path = "Target Support Files/Pods-Favoplace/Pods-Favoplace.release.xcconfig"; sourceTree = "<group>"; };
		EB1F5E5C2530A417007114EF /* StorageManager.swift */ = {isa = PBXFileReference; lastKnownFileType = sourcecode.swift; path = StorageManager.swift; sourceTree = "<group>"; };
		EB7A8574252E1F4C009355E5 /* NewPlaceVC.swift */ = {isa = PBXFileReference; lastKnownFileType = sourcecode.swift; path = NewPlaceVC.swift; sourceTree = "<group>"; };
		EB8811FB252C300D0003815D /* Favoplace.app */ = {isa = PBXFileReference; explicitFileType = wrapper.application; includeInIndex = 0; path = Favoplace.app; sourceTree = BUILT_PRODUCTS_DIR; };
		EB8811FE252C300D0003815D /* AppDelegate.swift */ = {isa = PBXFileReference; lastKnownFileType = sourcecode.swift; path = AppDelegate.swift; sourceTree = "<group>"; };
		EB881200252C300D0003815D /* SceneDelegate.swift */ = {isa = PBXFileReference; lastKnownFileType = sourcecode.swift; path = SceneDelegate.swift; sourceTree = "<group>"; };
		EB881205252C300D0003815D /* Base */ = {isa = PBXFileReference; lastKnownFileType = file.storyboard; name = Base; path = Base.lproj/Main.storyboard; sourceTree = "<group>"; };
		EB881207252C300E0003815D /* Assets.xcassets */ = {isa = PBXFileReference; lastKnownFileType = folder.assetcatalog; path = Assets.xcassets; sourceTree = "<group>"; };
		EB88120A252C300E0003815D /* Base */ = {isa = PBXFileReference; lastKnownFileType = file.storyboard; name = Base; path = Base.lproj/LaunchScreen.storyboard; sourceTree = "<group>"; };
		EB88120C252C300E0003815D /* Info.plist */ = {isa = PBXFileReference; lastKnownFileType = text.plist.xml; path = Info.plist; sourceTree = "<group>"; };
		EB881212252C359D0003815D /* MainVC.swift */ = {isa = PBXFileReference; lastKnownFileType = sourcecode.swift; path = MainVC.swift; sourceTree = "<group>"; };
		EB881214252C3DC60003815D /* PlaceCell.swift */ = {isa = PBXFileReference; lastKnownFileType = sourcecode.swift; path = PlaceCell.swift; sourceTree = "<group>"; };
		EBEB437E252D921E00DDA4B5 /* PlaceModel.swift */ = {isa = PBXFileReference; lastKnownFileType = sourcecode.swift; path = PlaceModel.swift; sourceTree = "<group>"; };
		EBF784AD2535E3B900B5CC0B /* MapVC.swift */ = {isa = PBXFileReference; lastKnownFileType = sourcecode.swift; path = MapVC.swift; sourceTree = "<group>"; };
		F8AC46495FC3509E013321D9 /* Pods-Favoplace.debug.xcconfig */ = {isa = PBXFileReference; includeInIndex = 1; lastKnownFileType = text.xcconfig; name = "Pods-Favoplace.debug.xcconfig"; path = "Target Support Files/Pods-Favoplace/Pods-Favoplace.debug.xcconfig"; sourceTree = "<group>"; };
/* End PBXFileReference section */

/* Begin PBXFrameworksBuildPhase section */
		EB8811F8252C300D0003815D /* Frameworks */ = {
			isa = PBXFrameworksBuildPhase;
			buildActionMask = 2147483647;
			files = (
				652482E85093382DB54A1BE8 /* Pods_Favoplace.framework in Frameworks */,
			);
			runOnlyForDeploymentPostprocessing = 0;
		};
/* End PBXFrameworksBuildPhase section */

/* Begin PBXGroup section */
		4969CD5DDA8303ECC3A25ABC /* Frameworks */ = {
			isa = PBXGroup;
			children = (
				194EBCB9B0DB6EEE454A9496 /* Pods_Favoplace.framework */,
			);
			name = Frameworks;
			sourceTree = "<group>";
		};
		4BAAC6BA5D68D01F9F09B7CE /* Pods */ = {
			isa = PBXGroup;
			children = (
				F8AC46495FC3509E013321D9 /* Pods-Favoplace.debug.xcconfig */,
				65972433F8A3DDF17321DFF3 /* Pods-Favoplace.release.xcconfig */,
			);
			path = Pods;
			sourceTree = "<group>";
		};
		EB8811F2252C300D0003815D = {
			isa = PBXGroup;
			children = (
				EB8811FD252C300D0003815D /* Favoplace */,
				EB8811FC252C300D0003815D /* Products */,
				4BAAC6BA5D68D01F9F09B7CE /* Pods */,
				4969CD5DDA8303ECC3A25ABC /* Frameworks */,
			);
			sourceTree = "<group>";
		};
		EB8811FC252C300D0003815D /* Products */ = {
			isa = PBXGroup;
			children = (
				EB8811FB252C300D0003815D /* Favoplace.app */,
			);
			name = Products;
			sourceTree = "<group>";
		};
		EB8811FD252C300D0003815D /* Favoplace */ = {
			isa = PBXGroup;
			children = (
				EB8811FE252C300D0003815D /* AppDelegate.swift */,
				EB881200252C300D0003815D /* SceneDelegate.swift */,
				EB1F5E5C2530A417007114EF /* StorageManager.swift */,
				EB881212252C359D0003815D /* MainVC.swift */,
				EB7A8574252E1F4C009355E5 /* NewPlaceVC.swift */,
				EBF784AD2535E3B900B5CC0B /* MapVC.swift */,
				EB881214252C3DC60003815D /* PlaceCell.swift */,
				EBEB437E252D921E00DDA4B5 /* PlaceModel.swift */,
				EB881204252C300D0003815D /* Main.storyboard */,
				EB881209252C300E0003815D /* LaunchScreen.storyboard */,
				EB881207252C300E0003815D /* Assets.xcassets */,
				EB88120C252C300E0003815D /* Info.plist */,
			);
			path = Favoplace;
			sourceTree = "<group>";
		};
/* End PBXGroup section */

/* Begin PBXNativeTarget section */
		EB8811FA252C300D0003815D /* Favoplace */ = {
			isa = PBXNativeTarget;
			buildConfigurationList = EB88120F252C300E0003815D /* Build configuration list for PBXNativeTarget "Favoplace" */;
			buildPhases = (
				F84C974EC1D4F3F8200A6A31 /* [CP] Check Pods Manifest.lock */,
				EB8811F7252C300D0003815D /* Sources */,
				EB8811F8252C300D0003815D /* Frameworks */,
				EB8811F9252C300D0003815D /* Resources */,
				40039067829F75026780B2BF /* [CP] Embed Pods Frameworks */,
			);
			buildRules = (
			);
			dependencies = (
			);
			name = Favoplace;
			productName = Favoplace;
			productReference = EB8811FB252C300D0003815D /* Favoplace.app */;
			productType = "com.apple.product-type.application";
		};
/* End PBXNativeTarget section */

/* Begin PBXProject section */
		EB8811F3252C300D0003815D /* Project object */ = {
			isa = PBXProject;
			attributes = {
				LastSwiftUpdateCheck = 1170;
				LastUpgradeCheck = 1220;
				ORGANIZATIONNAME = "Lenar Valeev";
				TargetAttributes = {
					EB8811FA252C300D0003815D = {
						CreatedOnToolsVersion = 11.7;
					};
				};
			};
			buildConfigurationList = EB8811F6252C300D0003815D /* Build configuration list for PBXProject "Favoplace" */;
			compatibilityVersion = "Xcode 9.3";
			developmentRegion = en;
			hasScannedForEncodings = 0;
			knownRegions = (
				en,
				Base,
			);
			mainGroup = EB8811F2252C300D0003815D;
			productRefGroup = EB8811FC252C300D0003815D /* Products */;
			projectDirPath = "";
			projectRoot = "";
			targets = (
				EB8811FA252C300D0003815D /* Favoplace */,
			);
		};
/* End PBXProject section */

/* Begin PBXResourcesBuildPhase section */
		EB8811F9252C300D0003815D /* Resources */ = {
			isa = PBXResourcesBuildPhase;
			buildActionMask = 2147483647;
			files = (
				EB88120B252C300E0003815D /* LaunchScreen.storyboard in Resources */,
				EB881208252C300E0003815D /* Assets.xcassets in Resources */,
				EB881206252C300D0003815D /* Main.storyboard in Resources */,
			);
			runOnlyForDeploymentPostprocessing = 0;
		};
/* End PBXResourcesBuildPhase section */

/* Begin PBXShellScriptBuildPhase section */
		40039067829F75026780B2BF /* [CP] Embed Pods Frameworks */ = {
			isa = PBXShellScriptBuildPhase;
			buildActionMask = 2147483647;
			files = (
			);
			inputFileListPaths = (
				"${PODS_ROOT}/Target Support Files/Pods-Favoplace/Pods-Favoplace-frameworks-${CONFIGURATION}-input-files.xcfilelist",
			);
			name = "[CP] Embed Pods Frameworks";
			outputFileListPaths = (
				"${PODS_ROOT}/Target Support Files/Pods-Favoplace/Pods-Favoplace-frameworks-${CONFIGURATION}-output-files.xcfilelist",
			);
			runOnlyForDeploymentPostprocessing = 0;
			shellPath = /bin/sh;
			shellScript = "\"${PODS_ROOT}/Target Support Files/Pods-Favoplace/Pods-Favoplace-frameworks.sh\"\n";
			showEnvVarsInLog = 0;
		};
		F84C974EC1D4F3F8200A6A31 /* [CP] Check Pods Manifest.lock */ = {
			isa = PBXShellScriptBuildPhase;
			buildActionMask = 2147483647;
			files = (
			);
			inputFileListPaths = (
			);
			inputPaths = (
				"${PODS_PODFILE_DIR_PATH}/Podfile.lock",
				"${PODS_ROOT}/Manifest.lock",
			);
			name = "[CP] Check Pods Manifest.lock";
			outputFileListPaths = (
			);
			outputPaths = (
				"$(DERIVED_FILE_DIR)/Pods-Favoplace-checkManifestLockResult.txt",
			);
			runOnlyForDeploymentPostprocessing = 0;
			shellPath = /bin/sh;
			shellScript = "diff \"${PODS_PODFILE_DIR_PATH}/Podfile.lock\" \"${PODS_ROOT}/Manifest.lock\" > /dev/null\nif [ $? != 0 ] ; then\n    # print error to STDERR\n    echo \"error: The sandbox is not in sync with the Podfile.lock. Run 'pod install' or update your CocoaPods installation.\" >&2\n    exit 1\nfi\n# This output is used by Xcode 'outputs' to avoid re-running this script phase.\necho \"SUCCESS\" > \"${SCRIPT_OUTPUT_FILE_0}\"\n";
			showEnvVarsInLog = 0;
		};
/* End PBXShellScriptBuildPhase section */

/* Begin PBXSourcesBuildPhase section */
		EB8811F7252C300D0003815D /* Sources */ = {
			isa = PBXSourcesBuildPhase;
			buildActionMask = 2147483647;
			files = (
				EB7A8575252E1F4C009355E5 /* NewPlaceVC.swift in Sources */,
				EB881213252C359D0003815D /* MainVC.swift in Sources */,
				EB8811FF252C300D0003815D /* AppDelegate.swift in Sources */,
				EB1F5E5D2530A417007114EF /* StorageManager.swift in Sources */,
				EBEB437F252D921E00DDA4B5 /* PlaceModel.swift in Sources */,
				EBF784AE2535E3B900B5CC0B /* MapVC.swift in Sources */,
				EB881215252C3DC60003815D /* PlaceCell.swift in Sources */,
				EB881201252C300D0003815D /* SceneDelegate.swift in Sources */,
			);
			runOnlyForDeploymentPostprocessing = 0;
		};
/* End PBXSourcesBuildPhase section */

/* Begin PBXVariantGroup section */
		EB881204252C300D0003815D /* Main.storyboard */ = {
			isa = PBXVariantGroup;
			children = (
				EB881205252C300D0003815D /* Base */,
			);
			name = Main.storyboard;
			sourceTree = "<group>";
		};
		EB881209252C300E0003815D /* LaunchScreen.storyboard */ = {
			isa = PBXVariantGroup;
			children = (
				EB88120A252C300E0003815D /* Base */,
			);
			name = LaunchScreen.storyboard;
			sourceTree = "<group>";
		};
/* End PBXVariantGroup section */

/* Begin XCBuildConfiguration section */
		EB88120D252C300E0003815D /* Debug */ = {
			isa = XCBuildConfiguration;
			buildSettings = {
				ALWAYS_SEARCH_USER_PATHS = NO;
				CLANG_ANALYZER_NONNULL = YES;
				CLANG_ANALYZER_NUMBER_OBJECT_CONVERSION = YES_AGGRESSIVE;
				CLANG_CXX_LANGUAGE_STANDARD = "gnu++14";
				CLANG_CXX_LIBRARY = "libc++";
				CLANG_ENABLE_MODULES = YES;
				CLANG_ENABLE_OBJC_ARC = YES;
				CLANG_ENABLE_OBJC_WEAK = YES;
				CLANG_WARN_BLOCK_CAPTURE_AUTORELEASING = YES;
				CLANG_WARN_BOOL_CONVERSION = YES;
				CLANG_WARN_COMMA = YES;
				CLANG_WARN_CONSTANT_CONVERSION = YES;
				CLANG_WARN_DEPRECATED_OBJC_IMPLEMENTATIONS = YES;
				CLANG_WARN_DIRECT_OBJC_ISA_USAGE = YES_ERROR;
				CLANG_WARN_DOCUMENTATION_COMMENTS = YES;
				CLANG_WARN_EMPTY_BODY = YES;
				CLANG_WARN_ENUM_CONVERSION = YES;
				CLANG_WARN_INFINITE_RECURSION = YES;
				CLANG_WARN_INT_CONVERSION = YES;
				CLANG_WARN_NON_LITERAL_NULL_CONVERSION = YES;
				CLANG_WARN_OBJC_IMPLICIT_RETAIN_SELF = YES;
				CLANG_WARN_OBJC_LITERAL_CONVERSION = YES;
				CLANG_WARN_OBJC_ROOT_CLASS = YES_ERROR;
				CLANG_WARN_QUOTED_INCLUDE_IN_FRAMEWORK_HEADER = YES;
				CLANG_WARN_RANGE_LOOP_ANALYSIS = YES;
				CLANG_WARN_STRICT_PROTOTYPES = YES;
				CLANG_WARN_SUSPICIOUS_MOVE = YES;
				CLANG_WARN_UNGUARDED_AVAILABILITY = YES_AGGRESSIVE;
				CLANG_WARN_UNREACHABLE_CODE = YES;
				CLANG_WARN__DUPLICATE_METHOD_MATCH = YES;
				COPY_PHASE_STRIP = NO;
				DEBUG_INFORMATION_FORMAT = dwarf;
				ENABLE_STRICT_OBJC_MSGSEND = YES;
				ENABLE_TESTABILITY = YES;
				GCC_C_LANGUAGE_STANDARD = gnu11;
				GCC_DYNAMIC_NO_PIC = NO;
				GCC_NO_COMMON_BLOCKS = YES;
				GCC_OPTIMIZATION_LEVEL = 0;
				GCC_PREPROCESSOR_DEFINITIONS = (
					"DEBUG=1",
					"$(inherited)",
				);
				GCC_WARN_64_TO_32_BIT_CONVERSION = YES;
				GCC_WARN_ABOUT_RETURN_TYPE = YES_ERROR;
				GCC_WARN_UNDECLARED_SELECTOR = YES;
				GCC_WARN_UNINITIALIZED_AUTOS = YES_AGGRESSIVE;
				GCC_WARN_UNUSED_FUNCTION = YES;
				GCC_WARN_UNUSED_VARIABLE = YES;
				IPHONEOS_DEPLOYMENT_TARGET = 13.7;
				MTL_ENABLE_DEBUG_INFO = INCLUDE_SOURCE;
				MTL_FAST_MATH = YES;
				ONLY_ACTIVE_ARCH = YES;
				SDKROOT = iphoneos;
				SWIFT_ACTIVE_COMPILATION_CONDITIONS = DEBUG;
				SWIFT_OPTIMIZATION_LEVEL = "-Onone";
			};
			name = Debug;
		};
		EB88120E252C300E0003815D /* Release */ = {
			isa = XCBuildConfiguration;
			buildSettings = {
				ALWAYS_SEARCH_USER_PATHS = NO;
				CLANG_ANALYZER_NONNULL = YES;
				CLANG_ANALYZER_NUMBER_OBJECT_CONVERSION = YES_AGGRESSIVE;
				CLANG_CXX_LANGUAGE_STANDARD = "gnu++14";
				CLANG_CXX_LIBRARY = "libc++";
				CLANG_ENABLE_MODULES = YES;
				CLANG_ENABLE_OBJC_ARC = YES;
				CLANG_ENABLE_OBJC_WEAK = YES;
				CLANG_WARN_BLOCK_CAPTURE_AUTORELEASING = YES;
				CLANG_WARN_BOOL_CONVERSION = YES;
				CLANG_WARN_COMMA = YES;
				CLANG_WARN_CONSTANT_CONVERSION = YES;
				CLANG_WARN_DEPRECATED_OBJC_IMPLEMENTATIONS = YES;
				CLANG_WARN_DIRECT_OBJC_ISA_USAGE = YES_ERROR;
				CLANG_WARN_DOCUMENTATION_COMMENTS = YES;
				CLANG_WARN_EMPTY_BODY = YES;
				CLANG_WARN_ENUM_CONVERSION = YES;
				CLANG_WARN_INFINITE_RECURSION = YES;
				CLANG_WARN_INT_CONVERSION = YES;
				CLANG_WARN_NON_LITERAL_NULL_CONVERSION = YES;
				CLANG_WARN_OBJC_IMPLICIT_RETAIN_SELF = YES;
				CLANG_WARN_OBJC_LITERAL_CONVERSION = YES;
				CLANG_WARN_OBJC_ROOT_CLASS = YES_ERROR;
				CLANG_WARN_QUOTED_INCLUDE_IN_FRAMEWORK_HEADER = YES;
				CLANG_WARN_RANGE_LOOP_ANALYSIS = YES;
				CLANG_WARN_STRICT_PROTOTYPES = YES;
				CLANG_WARN_SUSPICIOUS_MOVE = YES;
				CLANG_WARN_UNGUARDED_AVAILABILITY = YES_AGGRESSIVE;
				CLANG_WARN_UNREACHABLE_CODE = YES;
				CLANG_WARN__DUPLICATE_METHOD_MATCH = YES;
				COPY_PHASE_STRIP = NO;
				DEBUG_INFORMATION_FORMAT = "dwarf-with-dsym";
				ENABLE_NS_ASSERTIONS = NO;
				ENABLE_STRICT_OBJC_MSGSEND = YES;
				GCC_C_LANGUAGE_STANDARD = gnu11;
				GCC_NO_COMMON_BLOCKS = YES;
				GCC_WARN_64_TO_32_BIT_CONVERSION = YES;
				GCC_WARN_ABOUT_RETURN_TYPE = YES_ERROR;
				GCC_WARN_UNDECLARED_SELECTOR = YES;
				GCC_WARN_UNINITIALIZED_AUTOS = YES_AGGRESSIVE;
				GCC_WARN_UNUSED_FUNCTION = YES;
				GCC_WARN_UNUSED_VARIABLE = YES;
				IPHONEOS_DEPLOYMENT_TARGET = 13.7;
				MTL_ENABLE_DEBUG_INFO = NO;
				MTL_FAST_MATH = YES;
				SDKROOT = iphoneos;
				SWIFT_COMPILATION_MODE = wholemodule;
				SWIFT_OPTIMIZATION_LEVEL = "-O";
				VALIDATE_PRODUCT = YES;
			};
			name = Release;
		};
		EB881210252C300E0003815D /* Debug */ = {
			isa = XCBuildConfiguration;
			baseConfigurationReference = F8AC46495FC3509E013321D9 /* Pods-Favoplace.debug.xcconfig */;
			buildSettings = {
				ASSETCATALOG_COMPILER_APPICON_NAME = AppIcon;
				CODE_SIGN_STYLE = Automatic;
				DEVELOPMENT_TEAM = 93X6UVQL2U;
				INFOPLIST_FILE = Favoplace/Info.plist;
				LD_RUNPATH_SEARCH_PATHS = (
					"$(inherited)",
					"@executable_path/Frameworks",
				);
				PRODUCT_BUNDLE_IDENTIFIER = yourlenar.Favoplace;
				PRODUCT_NAME = "$(TARGET_NAME)";
				SWIFT_VERSION = 5.0;
				TARGETED_DEVICE_FAMILY = 1;
			};
			name = Debug;
		};
		EB881211252C300E0003815D /* Release */ = {
			isa = XCBuildConfiguration;
			baseConfigurationReference = 65972433F8A3DDF17321DFF3 /* Pods-Favoplace.release.xcconfig */;
			buildSettings = {
				ASSETCATALOG_COMPILER_APPICON_NAME = AppIcon;
				CODE_SIGN_STYLE = Automatic;
				DEVELOPMENT_TEAM = 93X6UVQL2U;
				INFOPLIST_FILE = Favoplace/Info.plist;
				LD_RUNPATH_SEARCH_PATHS = (
					"$(inherited)",
					"@executable_path/Frameworks",
				);
				PRODUCT_BUNDLE_IDENTIFIER = yourlenar.Favoplace;
				PRODUCT_NAME = "$(TARGET_NAME)";
				SWIFT_VERSION = 5.0;
				TARGETED_DEVICE_FAMILY = 1;
			};
			name = Release;
		};
/* End XCBuildConfiguration section */

/* Begin XCConfigurationList section */
		EB8811F6252C300D0003815D /* Build configuration list for PBXProject "Favoplace" */ = {
			isa = XCConfigurationList;
			buildConfigurations = (
				EB88120D252C300E0003815D /* Debug */,
				EB88120E252C300E0003815D /* Release */,
			);
			defaultConfigurationIsVisible = 0;
			defaultConfigurationName = Release;
		};
		EB88120F252C300E0003815D /* Build configuration list for PBXNativeTarget "Favoplace" */ = {
			isa = XCConfigurationList;
			buildConfigurations = (
				EB881210252C300E0003815D /* Debug */,
				EB881211252C300E0003815D /* Release */,
			);
			defaultConfigurationIsVisible = 0;
			defaultConfigurationName = Release;
		};
/* End XCConfigurationList section */
	};
	rootObject = EB8811F3252C300D0003815D /* Project object */;
}
